
Microsoft Visual Studio Solution File, Format Version 12.00
# Visual Studio Version 16
VisualStudioVersion = 16.0.29409.12
MinimumVisualStudioVersion = 10.0.40219.1
Project("{FAE04EC0-301F-11D3-BF4B-00C04F79EFBC}") = "BlockChainSharp", "BlockChainSharp\BlockChainSharp.csproj", "{AD13BFB1-1C8B-4DE7-AC2D-C3FF6E638D83}"
EndProject
Project("{FAE04EC0-301F-11D3-BF4B-00C04F79EFBC}") = "BlockChainSharp.Core", "BlockChainSharp.Core\BlockChainSharp.Core.csproj", "{2D9B68F5-5DEF-4AEB-8849-8BFF65C8A152}"
EndProject
Global
	GlobalSection(SolutionConfigurationPlatforms) = preSolution
		Debug|Any CPU = Debug|Any CPU
		Release|Any CPU = Release|Any CPU
	EndGlobalSection
	GlobalSection(ProjectConfigurationPlatforms) = postSolution
		{AD13BFB1-1C8B-4DE7-AC2D-C3FF6E638D83}.Debug|Any CPU.ActiveCfg = Debug|Any CPU
		{AD13BFB1-1C8B-4DE7-AC2D-C3FF6E638D83}.Debug|Any CPU.Build.0 = Debug|Any CPU
		{AD13BFB1-1C8B-4DE7-AC2D-C3FF6E638D83}.Release|Any CPU.ActiveCfg = Release|Any CPU
		{AD13BFB1-1C8B-4DE7-AC2D-C3FF6E638D83}.Release|Any CPU.Build.0 = Release|Any CPU
		{2D9B68F5-5DEF-4AEB-8849-8BFF65C8A152}.Debug|Any CPU.ActiveCfg = Debug|Any CPU
		{2D9B68F5-5DEF-4AEB-8849-8BFF65C8A152}.Debug|Any CPU.Build.0 = Debug|Any CPU
		{2D9B68F5-5DEF-4AEB-8849-8BFF65C8A152}.Release|Any CPU.ActiveCfg = Release|Any CPU
		{2D9B68F5-5DEF-4AEB-8849-8BFF65C8A152}.Release|Any CPU.Build.0 = Release|Any CPU
	EndGlobalSection
	GlobalSection(SolutionProperties) = preSolution
		HideSolutionNode = FALSE
	EndGlobalSection
	GlobalSection(ExtensibilityGlobals) = postSolution
		SolutionGuid = {0C70F31F-1CD3-4324-B598-95485165B606}
	EndGlobalSection
EndGlobal
